{
  "nodes": {
    "nixpkgs": {
      "locked": {
        "lastModified": 1779879728,
        "narHash": "sha256-35HxRTOWGLSDUVTtfcTS+3VwEserRPq5wYNpQo8qPmI=",
        "owner": "NixOS",
        "repo": "nixpkgs",
        "rev": "05f488560064f918938f6e8c76d4396c81e8a294",
        "type": "github"
      },
      "original": {
        "owner": "NixOS",
        "ref": "release-26.05",
        "repo": "nixpkgs",
        "type": "github"
      }
    },
    "root": {
      "inputs": {
        "nixpkgs": "nixpkgs"
      }
    }
  },
  "root": "root",
  "version": 7
}
